
Microsoft Visual Studio Solution File, Format Version 12.00
# Visual Studio 2012
Project("{FAE04EC0-301F-11D3-BF4B-00C04F79EFBC}") = "Nodule-wCI.Site", "Nodule-wCI.Site\Nodule-wCI.Site.csproj", "{06EC2EE9-D7BB-4745-8522-B94534B74063}"
	ProjectSection(ProjectDependencies) = postProject
		{15B3E0D2-6217-493A-A690-158C497F5318} = {15B3E0D2-6217-493A-A690-158C497F5318}
	EndProjectSection
EndProject
Project("{FAE04EC0-301F-11D3-BF4B-00C04F79EFBC}") = "Nodule-wCI.DB", "Nodule-wCI.DB\Nodule-wCI.DB.csproj", "{CDC4F9AD-2CAB-46C8-8380-A25BA9429DEF}"
EndProject
Project("{FAE04EC0-301F-11D3-BF4B-00C04F79EFBC}") = "Tests", "Tests\Tests.csproj", "{DD0C105D-F1B8-4636-9BB9-513F6B573126}"
	ProjectSection(ProjectDependencies) = postProject
		{15B3E0D2-6217-493A-A690-158C497F5318} = {15B3E0D2-6217-493A-A690-158C497F5318}
	EndProjectSection
EndProject
Project("{FAE04EC0-301F-11D3-BF4B-00C04F79EFBC}") = "Nodule-wCI.Worker", "Nodule-wCI.Worker\Nodule-wCI.Worker.csproj", "{15B3E0D2-6217-493A-A690-158C497F5318}"
EndProject
Project("{FAE04EC0-301F-11D3-BF4B-00C04F79EFBC}") = "Nodule-wCI.Worker.Host", "Nodule-wCI.Worker.Host\Nodule-wCI.Worker.Host.csproj", "{1752A301-590E-4CA9-8392-6A6F9E6AFBC8}"
EndProject
Project("{FAE04EC0-301F-11D3-BF4B-00C04F79EFBC}") = "Nodule-wCI.DB.Service", "Nodule-wCI.DB.Service\Nodule-wCI.DB.Service.csproj", "{95C10468-32C4-448A-9F5D-B120A9A94686}"
EndProject
Project("{2150E333-8FDC-42A3-9474-1A3956D46DE8}") = "DB", "DB", "{24EF2E05-7D1E-4266-86DD-FC866A3BD56D}"
EndProject
Project("{2150E333-8FDC-42A3-9474-1A3956D46DE8}") = "Worker", "Worker", "{E0AA2C02-907F-4DCE-966A-4E479D246D9F}"
EndProject
Global
	GlobalSection(SolutionConfigurationPlatforms) = preSolution
		Debug|Any CPU = Debug|Any CPU
		Release|Any CPU = Release|Any CPU
	EndGlobalSection
	GlobalSection(ProjectConfigurationPlatforms) = postSolution
		{06EC2EE9-D7BB-4745-8522-B94534B74063}.Debug|Any CPU.ActiveCfg = Debug|Any CPU
		{06EC2EE9-D7BB-4745-8522-B94534B74063}.Debug|Any CPU.Build.0 = Debug|Any CPU
		{06EC2EE9-D7BB-4745-8522-B94534B74063}.Release|Any CPU.ActiveCfg = Release|Any CPU
		{06EC2EE9-D7BB-4745-8522-B94534B74063}.Release|Any CPU.Build.0 = Release|Any CPU
		{CDC4F9AD-2CAB-46C8-8380-A25BA9429DEF}.Debug|Any CPU.ActiveCfg = Debug|Any CPU
		{CDC4F9AD-2CAB-46C8-8380-A25BA9429DEF}.Debug|Any CPU.Build.0 = Debug|Any CPU
		{CDC4F9AD-2CAB-46C8-8380-A25BA9429DEF}.Release|Any CPU.ActiveCfg = Release|Any CPU
		{CDC4F9AD-2CAB-46C8-8380-A25BA9429DEF}.Release|Any CPU.Build.0 = Release|Any CPU
		{DD0C105D-F1B8-4636-9BB9-513F6B573126}.Debug|Any CPU.ActiveCfg = Debug|Any CPU
		{DD0C105D-F1B8-4636-9BB9-513F6B573126}.Debug|Any CPU.Build.0 = Debug|Any CPU
		{DD0C105D-F1B8-4636-9BB9-513F6B573126}.Release|Any CPU.ActiveCfg = Release|Any CPU
		{DD0C105D-F1B8-4636-9BB9-513F6B573126}.Release|Any CPU.Build.0 = Release|Any CPU
		{15B3E0D2-6217-493A-A690-158C497F5318}.Debug|Any CPU.ActiveCfg = Debug|Any CPU
		{15B3E0D2-6217-493A-A690-158C497F5318}.Debug|Any CPU.Build.0 = Debug|Any CPU
		{15B3E0D2-6217-493A-A690-158C497F5318}.Release|Any CPU.ActiveCfg = Release|Any CPU
		{15B3E0D2-6217-493A-A690-158C497F5318}.Release|Any CPU.Build.0 = Release|Any CPU
		{1752A301-590E-4CA9-8392-6A6F9E6AFBC8}.Debug|Any CPU.ActiveCfg = Debug|Any CPU
		{1752A301-590E-4CA9-8392-6A6F9E6AFBC8}.Debug|Any CPU.Build.0 = Debug|Any CPU
		{1752A301-590E-4CA9-8392-6A6F9E6AFBC8}.Release|Any CPU.ActiveCfg = Release|Any CPU
		{1752A301-590E-4CA9-8392-6A6F9E6AFBC8}.Release|Any CPU.Build.0 = Release|Any CPU
		{95C10468-32C4-448A-9F5D-B120A9A94686}.Debug|Any CPU.ActiveCfg = Debug|Any CPU
		{95C10468-32C4-448A-9F5D-B120A9A94686}.Debug|Any CPU.Build.0 = Debug|Any CPU
		{95C10468-32C4-448A-9F5D-B120A9A94686}.Release|Any CPU.ActiveCfg = Release|Any CPU
		{95C10468-32C4-448A-9F5D-B120A9A94686}.Release|Any CPU.Build.0 = Release|Any CPU
	EndGlobalSection
	GlobalSection(SolutionProperties) = preSolution
		HideSolutionNode = FALSE
	EndGlobalSection
	GlobalSection(NestedProjects) = preSolution
		{95C10468-32C4-448A-9F5D-B120A9A94686} = {24EF2E05-7D1E-4266-86DD-FC866A3BD56D}
		{CDC4F9AD-2CAB-46C8-8380-A25BA9429DEF} = {24EF2E05-7D1E-4266-86DD-FC866A3BD56D}
		{15B3E0D2-6217-493A-A690-158C497F5318} = {E0AA2C02-907F-4DCE-966A-4E479D246D9F}
		{1752A301-590E-4CA9-8392-6A6F9E6AFBC8} = {E0AA2C02-907F-4DCE-966A-4E479D246D9F}
	EndGlobalSection
EndGlobal
